
Microsoft Visual Studio Solution File, Format Version 12.00
# Visual Studio Version 17
VisualStudioVersion = 17.9.34701.34
MinimumVisualStudioVersion = 10.0.40219.1
Project("{FAE04EC0-301F-11D3-BF4B-00C04F79EFBC}") = "Media", "Media\Media.csproj", "{D5B14D2A-1BD4-43AA-BF70-3F80D4354984}"
EndProject
Global
	GlobalSection(SolutionConfigurationPlatforms) = preSolution
		Debug|Any CPU = Debug|Any CPU
		Release|Any CPU = Release|Any CPU
	EndGlobalSection
	GlobalSection(ProjectConfigurationPlatforms) = postSolution
		{D5B14D2A-1BD4-43AA-BF70-3F80D4354984}.Debug|Any CPU.ActiveCfg = Debug|Any CPU
		{D5B14D2A-1BD4-43AA-BF70-3F80D4354984}.Debug|Any CPU.Build.0 = Debug|Any CPU
		{D5B14D2A-1BD4-43AA-BF70-3F80D4354984}.Release|Any CPU.ActiveCfg = Release|Any CPU
		{D5B14D2A-1BD4-43AA-BF70-3F80D4354984}.Release|Any CPU.Build.0 = Release|Any CPU
	EndGlobalSection
	GlobalSection(SolutionProperties) = preSolution
		HideSolutionNode = FALSE
	EndGlobalSection
	GlobalSection(ExtensibilityGlobals) = postSolution
		SolutionGuid = {459F9AC3-7392-4554-B4BA-FCE0737D5504}
	EndGlobalSection
EndGlobal
