
Microsoft Visual Studio Solution File, Format Version 12.00
# Visual Studio Version 17
VisualStudioVersion = 17.6.33829.357
MinimumVisualStudioVersion = 10.0.40219.1
Project("{FAE04EC0-301F-11D3-BF4B-00C04F79EFBC}") = "Tabuada", "Tabuada\Tabuada.csproj", "{CE546302-962E-490F-A990-7E19D34F3699}"
EndProject
Global
	GlobalSection(SolutionConfigurationPlatforms) = preSolution
		Debug|Any CPU = Debug|Any CPU
		Release|Any CPU = Release|Any CPU
	EndGlobalSection
	GlobalSection(ProjectConfigurationPlatforms) = postSolution
		{CE546302-962E-490F-A990-7E19D34F3699}.Debug|Any CPU.ActiveCfg = Debug|Any CPU
		{CE546302-962E-490F-A990-7E19D34F3699}.Debug|Any CPU.Build.0 = Debug|Any CPU
		{CE546302-962E-490F-A990-7E19D34F3699}.Release|Any CPU.ActiveCfg = Release|Any CPU
		{CE546302-962E-490F-A990-7E19D34F3699}.Release|Any CPU.Build.0 = Release|Any CPU
	EndGlobalSection
	GlobalSection(SolutionProperties) = preSolution
		HideSolutionNode = FALSE
	EndGlobalSection
	GlobalSection(ExtensibilityGlobals) = postSolution
		SolutionGuid = {7CA7AE02-B9E4-46FA-890C-BFDBD6C35C28}
	EndGlobalSection
EndGlobal
