
Microsoft Visual Studio Solution File, Format Version 12.00
# Visual Studio Version 17
VisualStudioVersion = 17.7.34221.43
MinimumVisualStudioVersion = 10.0.40219.1
Project("{FAE04EC0-301F-11D3-BF4B-00C04F79EFBC}") = "MaiorNumero", "MaiorNumero\MaiorNumero.csproj", "{29E4F1AF-BBAF-41E9-B137-29A1E90E8913}"
EndProject
Global
	GlobalSection(SolutionConfigurationPlatforms) = preSolution
		Debug|Any CPU = Debug|Any CPU
		Release|Any CPU = Release|Any CPU
	EndGlobalSection
	GlobalSection(ProjectConfigurationPlatforms) = postSolution
		{29E4F1AF-BBAF-41E9-B137-29A1E90E8913}.Debug|Any CPU.ActiveCfg = Debug|Any CPU
		{29E4F1AF-BBAF-41E9-B137-29A1E90E8913}.Debug|Any CPU.Build.0 = Debug|Any CPU
		{29E4F1AF-BBAF-41E9-B137-29A1E90E8913}.Release|Any CPU.ActiveCfg = Release|Any CPU
		{29E4F1AF-BBAF-41E9-B137-29A1E90E8913}.Release|Any CPU.Build.0 = Release|Any CPU
	EndGlobalSection
	GlobalSection(SolutionProperties) = preSolution
		HideSolutionNode = FALSE
	EndGlobalSection
	GlobalSection(ExtensibilityGlobals) = postSolution
		SolutionGuid = {86930681-F3C0-49EB-B25D-C73FFDE2D4D1}
	EndGlobalSection
EndGlobal
