
Microsoft Visual Studio Solution File, Format Version 12.00
# Visual Studio Version 17
VisualStudioVersion = 17.13.35825.156 d17.13
MinimumVisualStudioVersion = 10.0.40219.1
Project("{FAE04EC0-301F-11D3-BF4B-00C04F79EFBC}") = "textEditor", "textEditor\textEditor.csproj", "{0A023392-AB04-4112-A537-9A336914CA4E}"
EndProject
Global
	GlobalSection(SolutionConfigurationPlatforms) = preSolution
		Debug|Any CPU = Debug|Any CPU
		Release|Any CPU = Release|Any CPU
	EndGlobalSection
	GlobalSection(ProjectConfigurationPlatforms) = postSolution
		{0A023392-AB04-4112-A537-9A336914CA4E}.Debug|Any CPU.ActiveCfg = Debug|Any CPU
		{0A023392-AB04-4112-A537-9A336914CA4E}.Debug|Any CPU.Build.0 = Debug|Any CPU
		{0A023392-AB04-4112-A537-9A336914CA4E}.Release|Any CPU.ActiveCfg = Release|Any CPU
		{0A023392-AB04-4112-A537-9A336914CA4E}.Release|Any CPU.Build.0 = Release|Any CPU
	EndGlobalSection
	GlobalSection(SolutionProperties) = preSolution
		HideSolutionNode = FALSE
	EndGlobalSection
	GlobalSection(ExtensibilityGlobals) = postSolution
		SolutionGuid = {BE35853A-0DF7-43EE-92AE-84E2890764B6}
	EndGlobalSection
EndGlobal
