
Microsoft Visual Studio Solution File, Format Version 12.00
# Visual Studio Version 17
VisualStudioVersion = 17.9.34701.34
MinimumVisualStudioVersion = 10.0.40219.1
Project("{FAE04EC0-301F-11D3-BF4B-00C04F79EFBC}") = "FuncaoMetodos", "FuncaoMetodos\FuncaoMetodos.csproj", "{43CF95ED-D7BA-4F69-AEE4-E51FA2E423F6}"
EndProject
Global
	GlobalSection(SolutionConfigurationPlatforms) = preSolution
		Debug|Any CPU = Debug|Any CPU
		Release|Any CPU = Release|Any CPU
	EndGlobalSection
	GlobalSection(ProjectConfigurationPlatforms) = postSolution
		{43CF95ED-D7BA-4F69-AEE4-E51FA2E423F6}.Debug|Any CPU.ActiveCfg = Debug|Any CPU
		{43CF95ED-D7BA-4F69-AEE4-E51FA2E423F6}.Debug|Any CPU.Build.0 = Debug|Any CPU
		{43CF95ED-D7BA-4F69-AEE4-E51FA2E423F6}.Release|Any CPU.ActiveCfg = Release|Any CPU
		{43CF95ED-D7BA-4F69-AEE4-E51FA2E423F6}.Release|Any CPU.Build.0 = Release|Any CPU
	EndGlobalSection
	GlobalSection(SolutionProperties) = preSolution
		HideSolutionNode = FALSE
	EndGlobalSection
	GlobalSection(ExtensibilityGlobals) = postSolution
		SolutionGuid = {C16E366F-A072-48B3-8B56-744604CC37B2}
	EndGlobalSection
EndGlobal
