
Microsoft Visual Studio Solution File, Format Version 12.00
# Visual Studio Version 17
VisualStudioVersion = 17.7.34221.43
MinimumVisualStudioVersion = 10.0.40219.1
Project("{FAE04EC0-301F-11D3-BF4B-00C04F79EFBC}") = "NumeroParOuImpar", "NumeroParOuImpar\NumeroParOuImpar.csproj", "{944E2CFC-E5E7-42F9-B544-C6C47C7AB93A}"
EndProject
Global
	GlobalSection(SolutionConfigurationPlatforms) = preSolution
		Debug|Any CPU = Debug|Any CPU
		Release|Any CPU = Release|Any CPU
	EndGlobalSection
	GlobalSection(ProjectConfigurationPlatforms) = postSolution
		{944E2CFC-E5E7-42F9-B544-C6C47C7AB93A}.Debug|Any CPU.ActiveCfg = Debug|Any CPU
		{944E2CFC-E5E7-42F9-B544-C6C47C7AB93A}.Debug|Any CPU.Build.0 = Debug|Any CPU
		{944E2CFC-E5E7-42F9-B544-C6C47C7AB93A}.Release|Any CPU.ActiveCfg = Release|Any CPU
		{944E2CFC-E5E7-42F9-B544-C6C47C7AB93A}.Release|Any CPU.Build.0 = Release|Any CPU
	EndGlobalSection
	GlobalSection(SolutionProperties) = preSolution
		HideSolutionNode = FALSE
	EndGlobalSection
	GlobalSection(ExtensibilityGlobals) = postSolution
		SolutionGuid = {E34EC48C-F00A-4DEE-AD54-124951B3A77A}
	EndGlobalSection
EndGlobal
